// !$*UTF8*$!
{
	archiveVersion = 1;
	classes = {
	};
	objectVersion = 56;
	objects = {

/* Begin PBXBuildFile section */
		8B2273262B0E860C000B5E25 /* AppDelegate.swift in Sources */ = {isa = PBXBuildFile; fileRef = 8B2273252B0E860C000B5E25 /* AppDelegate.swift */; };
		8B2273282B0E860C000B5E25 /* ContentView.swift in Sources */ = {isa = PBXBuildFile; fileRef = 8B2273272B0E860C000B5E25 /* ContentView.swift */; };
		8B22732A2B0E860E000B5E25 /* Assets.xcassets in Resources */ = {isa = PBXBuildFile; fileRef = 8B2273292B0E860E000B5E25 /* Assets.xcassets */; };
		8B22732D2B0E860E000B5E25 /* Preview Assets.xcassets in Resources */ = {isa = PBXBuildFile; fileRef = 8B22732C2B0E860E000B5E25 /* Preview Assets.xcassets */; };
		8B2273372B0E860E000B5E25 /* ArcherQATestTests.swift in Sources */ = {isa = PBXBuildFile; fileRef = 8B2273362B0E860E000B5E25 /* ArcherQATestTests.swift */; };
		8B2273412B0E860E000B5E25 /* ArcherQATestUITests.swift in Sources */ = {isa = PBXBuildFile; fileRef = 8B2273402B0E860E000B5E25 /* ArcherQATestUITests.swift */; };
		8B2273432B0E860E000B5E25 /* ArcherQATestUITestsLaunchTests.swift in Sources */ = {isa = PBXBuildFile; fileRef = 8B2273422B0E860E000B5E25 /* ArcherQATestUITestsLaunchTests.swift */; };
		8B2273502B0E8A7C000B5E25 /* .gitignore in Resources */ = {isa = PBXBuildFile; fileRef = 8B22734F2B0E8A7C000B5E25 /* .gitignore */; };
/* End PBXBuildFile section */

/* Begin PBXContainerItemProxy section */
		8B2273332B0E860E000B5E25 /* PBXContainerItemProxy */ = {
			isa = PBXContainerItemProxy;
			containerPortal = 8B22731A2B0E860C000B5E25 /* Project object */;
			proxyType = 1;
			remoteGlobalIDString = 8B2273212B0E860C000B5E25;
			remoteInfo = ArcherQATest;
		};
		8B22733D2B0E860E000B5E25 /* PBXContainerItemProxy */ = {
			isa = PBXContainerItemProxy;
			containerPortal = 8B22731A2B0E860C000B5E25 /* Project object */;
			proxyType = 1;
			remoteGlobalIDString = 8B2273212B0E860C000B5E25;
			remoteInfo = ArcherQATest;
		};
/* End PBXContainerItemProxy section */

/* Begin PBXFileReference section */
		8B2273222B0E860C000B5E25 /* ArcherQATest.app */ = {isa = PBXFileReference; explicitFileType = wrapper.application; includeInIndex = 0; path = ArcherQATest.app; sourceTree = BUILT_PRODUCTS_DIR; };
		8B2273252B0E860C000B5E25 /* AppDelegate.swift */ = {isa = PBXFileReference; lastKnownFileType = sourcecode.swift; path = AppDelegate.swift; sourceTree = "<group>"; };
		8B2273272B0E860C000B5E25 /* ContentView.swift */ = {isa = PBXFileReference; lastKnownFileType = sourcecode.swift; path = ContentView.swift; sourceTree = "<group>"; };
		8B2273292B0E860E000B5E25 /* Assets.xcassets */ = {isa = PBXFileReference; lastKnownFileType = folder.assetcatalog; path = Assets.xcassets; sourceTree = "<group>"; };
		8B22732C2B0E860E000B5E25 /* Preview Assets.xcassets */ = {isa = PBXFileReference; lastKnownFileType = folder.assetcatalog; path = "Preview Assets.xcassets"; sourceTree = "<group>"; };
		8B2273322B0E860E000B5E25 /* ArcherQATestTests.xctest */ = {isa = PBXFileReference; explicitFileType = wrapper.cfbundle; includeInIndex = 0; path = ArcherQATestTests.xctest; sourceTree = BUILT_PRODUCTS_DIR; };
		8B2273362B0E860E000B5E25 /* ArcherQATestTests.swift */ = {isa = PBXFileReference; lastKnownFileType = sourcecode.swift; path = ArcherQATestTests.swift; sourceTree = "<group>"; };
		8B22733C2B0E860E000B5E25 /* ArcherQATestUITests.xctest */ = {isa = PBXFileReference; explicitFileType = wrapper.cfbundle; includeInIndex = 0; path = ArcherQATestUITests.xctest; sourceTree = BUILT_PRODUCTS_DIR; };
		8B2273402B0E860E000B5E25 /* ArcherQATestUITests.swift */ = {isa = PBXFileReference; lastKnownFileType = sourcecode.swift; path = ArcherQATestUITests.swift; sourceTree = "<group>"; };
		8B2273422B0E860E000B5E25 /* ArcherQATestUITestsLaunchTests.swift */ = {isa = PBXFileReference; lastKnownFileType = sourcecode.swift; path = ArcherQATestUITestsLaunchTests.swift; sourceTree = "<group>"; };
		8B22734F2B0E8A7C000B5E25 /* .gitignore */ = {isa = PBXFileReference; lastKnownFileType = text; path = .gitignore; sourceTree = "<group>"; };
/* End PBXFileReference section */

/* Begin PBXFrameworksBuildPhase section */
		8B22731F2B0E860C000B5E25 /* Frameworks */ = {
			isa = PBXFrameworksBuildPhase;
			buildActionMask = 2147483647;
			files = (
			);
			runOnlyForDeploymentPostprocessing = 0;
		};
		8B22732F2B0E860E000B5E25 /* Frameworks */ = {
			isa = PBXFrameworksBuildPhase;
			buildActionMask = 2147483647;
			files = (
			);
			runOnlyForDeploymentPostprocessing = 0;
		};
		8B2273392B0E860E000B5E25 /* Frameworks */ = {
			isa = PBXFrameworksBuildPhase;
			buildActionMask = 2147483647;
			files = (
			);
			runOnlyForDeploymentPostprocessing = 0;
		};
/* End PBXFrameworksBuildPhase section */

/* Begin PBXGroup section */
		8B2273192B0E860C000B5E25 = {
			isa = PBXGroup;
			children = (
				8B22734F2B0E8A7C000B5E25 /* .gitignore */,
				8B2273242B0E860C000B5E25 /* ArcherQATest */,
				8B2273352B0E860E000B5E25 /* ArcherQATestTests */,
				8B22733F2B0E860E000B5E25 /* ArcherQATestUITests */,
				8B2273232B0E860C000B5E25 /* Products */,
			);
			sourceTree = "<group>";
		};
		8B2273232B0E860C000B5E25 /* Products */ = {
			isa = PBXGroup;
			children = (
				8B2273222B0E860C000B5E25 /* ArcherQATest.app */,
				8B2273322B0E860E000B5E25 /* ArcherQATestTests.xctest */,
				8B22733C2B0E860E000B5E25 /* ArcherQATestUITests.xctest */,
			);
			name = Products;
			sourceTree = "<group>";
		};
		8B2273242B0E860C000B5E25 /* ArcherQATest */ = {
			isa = PBXGroup;
			children = (
				8B2273252B0E860C000B5E25 /* AppDelegate.swift */,
				8B2273272B0E860C000B5E25 /* ContentView.swift */,
				8B2273292B0E860E000B5E25 /* Assets.xcassets */,
				8B22732B2B0E860E000B5E25 /* Preview Content */,
			);
			path = ArcherQATest;
			sourceTree = "<group>";
		};
		8B22732B2B0E860E000B5E25 /* Preview Content */ = {
			isa = PBXGroup;
			children = (
				8B22732C2B0E860E000B5E25 /* Preview Assets.xcassets */,
			);
			path = "Preview Content";
			sourceTree = "<group>";
		};
		8B2273352B0E860E000B5E25 /* ArcherQATestTests */ = {
			isa = PBXGroup;
			children = (
				8B2273362B0E860E000B5E25 /* ArcherQATestTests.swift */,
			);
			path = ArcherQATestTests;
			sourceTree = "<group>";
		};
		8B22733F2B0E860E000B5E25 /* ArcherQATestUITests */ = {
			isa = PBXGroup;
			children = (
				8B2273402B0E860E000B5E25 /* ArcherQATestUITests.swift */,
				8B2273422B0E860E000B5E25 /* ArcherQATestUITestsLaunchTests.swift */,
			);
			path = ArcherQATestUITests;
			sourceTree = "<group>";
		};
/* End PBXGroup section */

/* Begin PBXNativeTarget section */
		8B2273212B0E860C000B5E25 /* ArcherQATest */ = {
			isa = PBXNativeTarget;
			buildConfigurationList = 8B2273462B0E860E000B5E25 /* Build configuration list for PBXNativeTarget "ArcherQATest" */;
			buildPhases = (
				8B22731E2B0E860C000B5E25 /* Sources */,
				8B22731F2B0E860C000B5E25 /* Frameworks */,
				8B2273202B0E860C000B5E25 /* Resources */,
			);
			buildRules = (
			);
			dependencies = (
			);
			name = ArcherQATest;
			productName = ArcherQATest;
			productReference = 8B2273222B0E860C000B5E25 /* ArcherQATest.app */;
			productType = "com.apple.product-type.application";
		};
		8B2273312B0E860E000B5E25 /* ArcherQATestTests */ = {
			isa = PBXNativeTarget;
			buildConfigurationList = 8B2273492B0E860E000B5E25 /* Build configuration list for PBXNativeTarget "ArcherQATestTests" */;
			buildPhases = (
				8B22732E2B0E860E000B5E25 /* Sources */,
				8B22732F2B0E860E000B5E25 /* Frameworks */,
				8B2273302B0E860E000B5E25 /* Resources */,
			);
			buildRules = (
			);
			dependencies = (
				8B2273342B0E860E000B5E25 /* PBXTargetDependency */,
			);
			name = ArcherQATestTests;
			productName = ArcherQATestTests;
			productReference = 8B2273322B0E860E000B5E25 /* ArcherQATestTests.xctest */;
			productType = "com.apple.product-type.bundle.unit-test";
		};
		8B22733B2B0E860E000B5E25 /* ArcherQATestUITests */ = {
			isa = PBXNativeTarget;
			buildConfigurationList = 8B22734C2B0E860E000B5E25 /* Build configuration list for PBXNativeTarget "ArcherQATestUITests" */;
			buildPhases = (
				8B2273382B0E860E000B5E25 /* Sources */,
				8B2273392B0E860E000B5E25 /* Frameworks */,
				8B22733A2B0E860E000B5E25 /* Resources */,
			);
			buildRules = (
			);
			dependencies = (
				8B22733E2B0E860E000B5E25 /* PBXTargetDependency */,
			);
			name = ArcherQATestUITests;
			productName = ArcherQATestUITests;
			productReference = 8B22733C2B0E860E000B5E25 /* ArcherQATestUITests.xctest */;
			productType = "com.apple.product-type.bundle.ui-testing";
		};
/* End PBXNativeTarget section */

/* Begin PBXProject section */
		8B22731A2B0E860C000B5E25 /* Project object */ = {
			isa = PBXProject;
			attributes = {
				BuildIndependentTargetsInParallel = 1;
				LastSwiftUpdateCheck = 1500;
				LastUpgradeCheck = 1500;
				TargetAttributes = {
					8B2273212B0E860C000B5E25 = {
						CreatedOnToolsVersion = 15.0;
					};
					8B2273312B0E860E000B5E25 = {
						CreatedOnToolsVersion = 15.0;
						TestTargetID = 8B2273212B0E860C000B5E25;
					};
					8B22733B2B0E860E000B5E25 = {
						CreatedOnToolsVersion = 15.0;
						TestTargetID = 8B2273212B0E860C000B5E25;
					};
				};
			};
			buildConfigurationList = 8B22731D2B0E860C000B5E25 /* Build configuration list for PBXProject "ArcherQATest" */;
			compatibilityVersion = "Xcode 14.0";
			developmentRegion = en;
			hasScannedForEncodings = 0;
			knownRegions = (
				en,
				Base,
			);
			mainGroup = 8B2273192B0E860C000B5E25;
			productRefGroup = 8B2273232B0E860C000B5E25 /* Products */;
			projectDirPath = "";
			projectRoot = "";
			targets = (
				8B2273212B0E860C000B5E25 /* ArcherQATest */,
				8B2273312B0E860E000B5E25 /* ArcherQATestTests */,
				8B22733B2B0E860E000B5E25 /* ArcherQATestUITests */,
			);
		};
/* End PBXProject section */

/* Begin PBXResourcesBuildPhase section */
		8B2273202B0E860C000B5E25 /* Resources */ = {
			isa = PBXResourcesBuildPhase;
			buildActionMask = 2147483647;
			files = (
				8B22732D2B0E860E000B5E25 /* Preview Assets.xcassets in Resources */,
				8B2273502B0E8A7C000B5E25 /* .gitignore in Resources */,
				8B22732A2B0E860E000B5E25 /* Assets.xcassets in Resources */,
			);
			runOnlyForDeploymentPostprocessing = 0;
		};
		8B2273302B0E860E000B5E25 /* Resources */ = {
			isa = PBXResourcesBuildPhase;
			buildActionMask = 2147483647;
			files = (
			);
			runOnlyForDeploymentPostprocessing = 0;
		};
		8B22733A2B0E860E000B5E25 /* Resources */ = {
			isa = PBXResourcesBuildPhase;
			buildActionMask = 2147483647;
			files = (
			);
			runOnlyForDeploymentPostprocessing = 0;
		};
/* End PBXResourcesBuildPhase section */

/* Begin PBXSourcesBuildPhase section */
		8B22731E2B0E860C000B5E25 /* Sources */ = {
			isa = PBXSourcesBuildPhase;
			buildActionMask = 2147483647;
			files = (
				8B2273282B0E860C000B5E25 /* ContentView.swift in Sources */,
				8B2273262B0E860C000B5E25 /* AppDelegate.swift in Sources */,
			);
			runOnlyForDeploymentPostprocessing = 0;
		};
		8B22732E2B0E860E000B5E25 /* Sources */ = {
			isa = PBXSourcesBuildPhase;
			buildActionMask = 2147483647;
			files = (
				8B2273372B0E860E000B5E25 /* ArcherQATestTests.swift in Sources */,
			);
			runOnlyForDeploymentPostprocessing = 0;
		};
		8B2273382B0E860E000B5E25 /* Sources */ = {
			isa = PBXSourcesBuildPhase;
			buildActionMask = 2147483647;
			files = (
				8B2273412B0E860E000B5E25 /* ArcherQATestUITests.swift in Sources */,
				8B2273432B0E860E000B5E25 /* ArcherQATestUITestsLaunchTests.swift in Sources */,
			);
			runOnlyForDeploymentPostprocessing = 0;
		};
/* End PBXSourcesBuildPhase section */

/* Begin PBXTargetDependency section */
		8B2273342B0E860E000B5E25 /* PBXTargetDependency */ = {
			isa = PBXTargetDependency;
			target = 8B2273212B0E860C000B5E25 /* ArcherQATest */;
			targetProxy = 8B2273332B0E860E000B5E25 /* PBXContainerItemProxy */;
		};
		8B22733E2B0E860E000B5E25 /* PBXTargetDependency */ = {
			isa = PBXTargetDependency;
			target = 8B2273212B0E860C000B5E25 /* ArcherQATest */;
			targetProxy = 8B22733D2B0E860E000B5E25 /* PBXContainerItemProxy */;
		};
/* End PBXTargetDependency section */

/* Begin XCBuildConfiguration section */
		8B2273442B0E860E000B5E25 /* Debug */ = {
			isa = XCBuildConfiguration;
			buildSettings = {
				ALWAYS_SEARCH_USER_PATHS = NO;
				ASSETCATALOG_COMPILER_GENERATE_SWIFT_ASSET_SYMBOL_EXTENSIONS = YES;
				CLANG_ANALYZER_NONNULL = YES;
				CLANG_ANALYZER_NUMBER_OBJECT_CONVERSION = YES_AGGRESSIVE;
				CLANG_CXX_LANGUAGE_STANDARD = "gnu++20";
				CLANG_ENABLE_MODULES = YES;
				CLANG_ENABLE_OBJC_ARC = YES;
				CLANG_ENABLE_OBJC_WEAK = YES;
				CLANG_WARN_BLOCK_CAPTURE_AUTORELEASING = YES;
				CLANG_WARN_BOOL_CONVERSION = YES;
				CLANG_WARN_COMMA = YES;
				CLANG_WARN_CONSTANT_CONVERSION = YES;
				CLANG_WARN_DEPRECATED_OBJC_IMPLEMENTATIONS = YES;
				CLANG_WARN_DIRECT_OBJC_ISA_USAGE = YES_ERROR;
				CLANG_WARN_DOCUMENTATION_COMMENTS = YES;
				CLANG_WARN_EMPTY_BODY = YES;
				CLANG_WARN_ENUM_CONVERSION = YES;
				CLANG_WARN_INFINITE_RECURSION = YES;
				CLANG_WARN_INT_CONVERSION = YES;
				CLANG_WARN_NON_LITERAL_NULL_CONVERSION = YES;
				CLANG_WARN_OBJC_IMPLICIT_RETAIN_SELF = YES;
				CLANG_WARN_OBJC_LITERAL_CONVERSION = YES;
				CLANG_WARN_OBJC_ROOT_CLASS = YES_ERROR;
				CLANG_WARN_QUOTED_INCLUDE_IN_FRAMEWORK_HEADER = YES;
				CLANG_WARN_RANGE_LOOP_ANALYSIS = YES;
				CLANG_WARN_STRICT_PROTOTYPES = YES;
				CLANG_WARN_SUSPICIOUS_MOVE = YES;
				CLANG_WARN_UNGUARDED_AVAILABILITY = YES_AGGRESSIVE;
				CLANG_WARN_UNREACHABLE_CODE = YES;
				CLANG_WARN__DUPLICATE_METHOD_MATCH = YES;
				COPY_PHASE_STRIP = NO;
				DEBUG_INFORMATION_FORMAT = dwarf;
				ENABLE_STRICT_OBJC_MSGSEND = YES;
				ENABLE_TESTABILITY = YES;
				ENABLE_USER_SCRIPT_SANDBOXING = YES;
				GCC_C_LANGUAGE_STANDARD = gnu17;
				GCC_DYNAMIC_NO_PIC = NO;
				GCC_NO_COMMON_BLOCKS = YES;
				GCC_OPTIMIZATION_LEVEL = 0;
				GCC_PREPROCESSOR_DEFINITIONS = (
					"DEBUG=1",
					"$(inherited)",
				);
				GCC_WARN_64_TO_32_BIT_CONVERSION = YES;
				GCC_WARN_ABOUT_RETURN_TYPE = YES_ERROR;
				GCC_WARN_UNDECLARED_SELECTOR = YES;
				GCC_WARN_UNINITIALIZED_AUTOS = YES_AGGRESSIVE;
				GCC_WARN_UNUSED_FUNCTION = YES;
				GCC_WARN_UNUSED_VARIABLE = YES;
				IPHONEOS_DEPLOYMENT_TARGET = 17.0;
				LOCALIZATION_PREFERS_STRING_CATALOGS = YES;
				MTL_ENABLE_DEBUG_INFO = INCLUDE_SOURCE;
				MTL_FAST_MATH = YES;
				ONLY_ACTIVE_ARCH = YES;
				SDKROOT = iphoneos;
				SWIFT_ACTIVE_COMPILATION_CONDITIONS = "DEBUG $(inherited)";
				SWIFT_OPTIMIZATION_LEVEL = "-Onone";
			};
			name = Debug;
		};
		8B2273452B0E860E000B5E25 /* Release */ = {
			isa = XCBuildConfiguration;
			buildSettings = {
				ALWAYS_SEARCH_USER_PATHS = NO;
				ASSETCATALOG_COMPILER_GENERATE_SWIFT_ASSET_SYMBOL_EXTENSIONS = YES;
				CLANG_ANALYZER_NONNULL = YES;
				CLANG_ANALYZER_NUMBER_OBJECT_CONVERSION = YES_AGGRESSIVE;
				CLANG_CXX_LANGUAGE_STANDARD = "gnu++20";
				CLANG_ENABLE_MODULES = YES;
				CLANG_ENABLE_OBJC_ARC = YES;
				CLANG_ENABLE_OBJC_WEAK = YES;
				CLANG_WARN_BLOCK_CAPTURE_AUTORELEASING = YES;
				CLANG_WARN_BOOL_CONVERSION = YES;
				CLANG_WARN_COMMA = YES;
				CLANG_WARN_CONSTANT_CONVERSION = YES;
				CLANG_WARN_DEPRECATED_OBJC_IMPLEMENTATIONS = YES;
				CLANG_WARN_DIRECT_OBJC_ISA_USAGE = YES_ERROR;
				CLANG_WARN_DOCUMENTATION_COMMENTS = YES;
				CLANG_WARN_EMPTY_BODY = YES;
				CLANG_WARN_ENUM_CONVERSION = YES;
				CLANG_WARN_INFINITE_RECURSION = YES;
				CLANG_WARN_INT_CONVERSION = YES;
				CLANG_WARN_NON_LITERAL_NULL_CONVERSION = YES;
				CLANG_WARN_OBJC_IMPLICIT_RETAIN_SELF = YES;
				CLANG_WARN_OBJC_LITERAL_CONVERSION = YES;
				CLANG_WARN_OBJC_ROOT_CLASS = YES_ERROR;
				CLANG_WARN_QUOTED_INCLUDE_IN_FRAMEWORK_HEADER = YES;
				CLANG_WARN_RANGE_LOOP_ANALYSIS = YES;
				CLANG_WARN_STRICT_PROTOTYPES = YES;
				CLANG_WARN_SUSPICIOUS_MOVE = YES;
				CLANG_WARN_UNGUARDED_AVAILABILITY = YES_AGGRESSIVE;
				CLANG_WARN_UNREACHABLE_CODE = YES;
				CLANG_WARN__DUPLICATE_METHOD_MATCH = YES;
				COPY_PHASE_STRIP = NO;
				DEBUG_INFORMATION_FORMAT = "dwarf-with-dsym";
				ENABLE_NS_ASSERTIONS = NO;
				ENABLE_STRICT_OBJC_MSGSEND = YES;
				ENABLE_USER_SCRIPT_SANDBOXING = YES;
				GCC_C_LANGUAGE_STANDARD = gnu17;
				GCC_NO_COMMON_BLOCKS = YES;
				GCC_WARN_64_TO_32_BIT_CONVERSION = YES;
				GCC_WARN_ABOUT_RETURN_TYPE = YES_ERROR;
				GCC_WARN_UNDECLARED_SELECTOR = YES;
				GCC_WARN_UNINITIALIZED_AUTOS = YES_AGGRESSIVE;
				GCC_WARN_UNUSED_FUNCTION = YES;
				GCC_WARN_UNUSED_VARIABLE = YES;
				IPHONEOS_DEPLOYMENT_TARGET = 17.0;
				LOCALIZATION_PREFERS_STRING_CATALOGS = YES;
				MTL_ENABLE_DEBUG_INFO = NO;
				MTL_FAST_MATH = YES;
				SDKROOT = iphoneos;
				SWIFT_COMPILATION_MODE = wholemodule;
				VALIDATE_PRODUCT = YES;
			};
			name = Release;
		};
		8B2273472B0E860E000B5E25 /* Debug */ = {
			isa = XCBuildConfiguration;
			buildSettings = {
				ASSETCATALOG_COMPILER_APPICON_NAME = AppIcon;
				ASSETCATALOG_COMPILER_GLOBAL_ACCENT_COLOR_NAME = AccentColor;
				CODE_SIGN_STYLE = Automatic;
				CURRENT_PROJECT_VERSION = 1;
				DEVELOPMENT_ASSET_PATHS = "\"ArcherQATest/Preview Content\"";
				DEVELOPMENT_TEAM = 9AX56522RV;
				ENABLE_PREVIEWS = YES;
				GENERATE_INFOPLIST_FILE = YES;
				INFOPLIST_KEY_NSCameraUsageDescription = "";
				INFOPLIST_KEY_UIApplicationSupportsIndirectInputEvents = YES;
				INFOPLIST_KEY_UILaunchScreen_Generation = YES;
				INFOPLIST_KEY_UIRequiredDeviceCapabilities = arkit;
				INFOPLIST_KEY_UIStatusBarHidden = YES;
				INFOPLIST_KEY_UISupportedInterfaceOrientations_iPad = "UIInterfaceOrientationPortrait UIInterfaceOrientationPortraitUpsideDown UIInterfaceOrientationLandscapeLeft UIInterfaceOrientationLandscapeRight";
				INFOPLIST_KEY_UISupportedInterfaceOrientations_iPhone = "UIInterfaceOrientationPortrait UIInterfaceOrientationLandscapeLeft UIInterfaceOrientationLandscapeRight";
				LD_RUNPATH_SEARCH_PATHS = (
					"$(inherited)",
					"@executable_path/Frameworks",
				);
				MARKETING_VERSION = 1.0;
				PRODUCT_BUNDLE_IDENTIFIER = ProjectArcher.ArcherQATest;
				PRODUCT_NAME = "$(TARGET_NAME)";
				SWIFT_EMIT_LOC_STRINGS = YES;
				SWIFT_VERSION = 5.0;
				TARGETED_DEVICE_FAMILY = "1,2";
			};
			name = Debug;
		};
		8B2273482B0E860E000B5E25 /* Release */ = {
			isa = XCBuildConfiguration;
			buildSettings = {
				ASSETCATALOG_COMPILER_APPICON_NAME = AppIcon;
				ASSETCATALOG_COMPILER_GLOBAL_ACCENT_COLOR_NAME = AccentColor;
				CODE_SIGN_STYLE = Automatic;
				CURRENT_PROJECT_VERSION = 1;
				DEVELOPMENT_ASSET_PATHS = "\"ArcherQATest/Preview Content\"";
				DEVELOPMENT_TEAM = 9AX56522RV;
				ENABLE_PREVIEWS = YES;
				GENERATE_INFOPLIST_FILE = YES;
				INFOPLIST_KEY_NSCameraUsageDescription = "";
				INFOPLIST_KEY_UIApplicationSupportsIndirectInputEvents = YES;
				INFOPLIST_KEY_UILaunchScreen_Generation = YES;
				INFOPLIST_KEY_UIRequiredDeviceCapabilities = arkit;
				INFOPLIST_KEY_UIStatusBarHidden = YES;
				INFOPLIST_KEY_UISupportedInterfaceOrientations_iPad = "UIInterfaceOrientationPortrait UIInterfaceOrientationPortraitUpsideDown UIInterfaceOrientationLandscapeLeft UIInterfaceOrientationLandscapeRight";
				INFOPLIST_KEY_UISupportedInterfaceOrientations_iPhone = "UIInterfaceOrientationPortrait UIInterfaceOrientationLandscapeLeft UIInterfaceOrientationLandscapeRight";
				LD_RUNPATH_SEARCH_PATHS = (
					"$(inherited)",
					"@executable_path/Frameworks",
				);
				MARKETING_VERSION = 1.0;
				PRODUCT_BUNDLE_IDENTIFIER = ProjectArcher.ArcherQATest;
				PRODUCT_NAME = "$(TARGET_NAME)";
				SWIFT_EMIT_LOC_STRINGS = YES;
				SWIFT_VERSION = 5.0;
				TARGETED_DEVICE_FAMILY = "1,2";
			};
			name = Release;
		};
		8B22734A2B0E860E000B5E25 /* Debug */ = {
			isa = XCBuildConfiguration;
			buildSettings = {
				ALWAYS_EMBED_SWIFT_STANDARD_LIBRARIES = YES;
				BUNDLE_LOADER = "$(TEST_HOST)";
				CODE_SIGN_STYLE = Automatic;
				CURRENT_PROJECT_VERSION = 1;
				DEVELOPMENT_TEAM = 9AX56522RV;
				GENERATE_INFOPLIST_FILE = YES;
				IPHONEOS_DEPLOYMENT_TARGET = 17.0;
				MARKETING_VERSION = 1.0;
				PRODUCT_BUNDLE_IDENTIFIER = ProjectArcher.ArcherQATestTests;
				PRODUCT_NAME = "$(TARGET_NAME)";
				SWIFT_EMIT_LOC_STRINGS = NO;
				SWIFT_VERSION = 5.0;
				TARGETED_DEVICE_FAMILY = "1,2";
				TEST_HOST = "$(BUILT_PRODUCTS_DIR)/ArcherQATest.app/$(BUNDLE_EXECUTABLE_FOLDER_PATH)/ArcherQATest";
			};
			name = Debug;
		};
		8B22734B2B0E860E000B5E25 /* Release */ = {
			isa = XCBuildConfiguration;
			buildSettings = {
				ALWAYS_EMBED_SWIFT_STANDARD_LIBRARIES = YES;
				BUNDLE_LOADER = "$(TEST_HOST)";
				CODE_SIGN_STYLE = Automatic;
				CURRENT_PROJECT_VERSION = 1;
				DEVELOPMENT_TEAM = 9AX56522RV;
				GENERATE_INFOPLIST_FILE = YES;
				IPHONEOS_DEPLOYMENT_TARGET = 17.0;
				MARKETING_VERSION = 1.0;
				PRODUCT_BUNDLE_IDENTIFIER = ProjectArcher.ArcherQATestTests;
				PRODUCT_NAME = "$(TARGET_NAME)";
				SWIFT_EMIT_LOC_STRINGS = NO;
				SWIFT_VERSION = 5.0;
				TARGETED_DEVICE_FAMILY = "1,2";
				TEST_HOST = "$(BUILT_PRODUCTS_DIR)/ArcherQATest.app/$(BUNDLE_EXECUTABLE_FOLDER_PATH)/ArcherQATest";
			};
			name = Release;
		};
		8B22734D2B0E860E000B5E25 /* Debug */ = {
			isa = XCBuildConfiguration;
			buildSettings = {
				ALWAYS_EMBED_SWIFT_STANDARD_LIBRARIES = YES;
				CODE_SIGN_STYLE = Automatic;
				CURRENT_PROJECT_VERSION = 1;
				DEVELOPMENT_TEAM = 9AX56522RV;
				GENERATE_INFOPLIST_FILE = YES;
				MARKETING_VERSION = 1.0;
				PRODUCT_BUNDLE_IDENTIFIER = ProjectArcher.ArcherQATestUITests;
				PRODUCT_NAME = "$(TARGET_NAME)";
				SWIFT_EMIT_LOC_STRINGS = NO;
				SWIFT_VERSION = 5.0;
				TARGETED_DEVICE_FAMILY = "1,2";
				TEST_TARGET_NAME = ArcherQATest;
			};
			name = Debug;
		};
		8B22734E2B0E860E000B5E25 /* Release */ = {
			isa = XCBuildConfiguration;
			buildSettings = {
				ALWAYS_EMBED_SWIFT_STANDARD_LIBRARIES = YES;
				CODE_SIGN_STYLE = Automatic;
				CURRENT_PROJECT_VERSION = 1;
				DEVELOPMENT_TEAM = 9AX56522RV;
				GENERATE_INFOPLIST_FILE = YES;
				MARKETING_VERSION = 1.0;
				PRODUCT_BUNDLE_IDENTIFIER = ProjectArcher.ArcherQATestUITests;
				PRODUCT_NAME = "$(TARGET_NAME)";
				SWIFT_EMIT_LOC_STRINGS = NO;
				SWIFT_VERSION = 5.0;
				TARGETED_DEVICE_FAMILY = "1,2";
				TEST_TARGET_NAME = ArcherQATest;
			};
			name = Release;
		};
/* End XCBuildConfiguration section */

/* Begin XCConfigurationList section */
		8B22731D2B0E860C000B5E25 /* Build configuration list for PBXProject "ArcherQATest" */ = {
			isa = XCConfigurationList;
			buildConfigurations = (
				8B2273442B0E860E000B5E25 /* Debug */,
				8B2273452B0E860E000B5E25 /* Release */,
			);
			defaultConfigurationIsVisible = 0;
			defaultConfigurationName = Release;
		};
		8B2273462B0E860E000B5E25 /* Build configuration list for PBXNativeTarget "ArcherQATest" */ = {
			isa = XCConfigurationList;
			buildConfigurations = (
				8B2273472B0E860E000B5E25 /* Debug */,
				8B2273482B0E860E000B5E25 /* Release */,
			);
			defaultConfigurationIsVisible = 0;
			defaultConfigurationName = Release;
		};
		8B2273492B0E860E000B5E25 /* Build configuration list for PBXNativeTarget "ArcherQATestTests" */ = {
			isa = XCConfigurationList;
			buildConfigurations = (
				8B22734A2B0E860E000B5E25 /* Debug */,
				8B22734B2B0E860E000B5E25 /* Release */,
			);
			defaultConfigurationIsVisible = 0;
			defaultConfigurationName = Release;
		};
		8B22734C2B0E860E000B5E25 /* Build configuration list for PBXNativeTarget "ArcherQATestUITests" */ = {
			isa = XCConfigurationList;
			buildConfigurations = (
				8B22734D2B0E860E000B5E25 /* Debug */,
				8B22734E2B0E860E000B5E25 /* Release */,
			);
			defaultConfigurationIsVisible = 0;
			defaultConfigurationName = Release;
		};
/* End XCConfigurationList section */
	};
	rootObject = 8B22731A2B0E860C000B5E25 /* Project object */;
}
